# THIS IS AN AUTOGENERATED FILE. DO NOT EDIT THIS FILE DIRECTLY.
# yarn lockfile v1


"@octokit/auth-token@^3.0.0":
  version "3.0.2"
  resolved "https://registry.npmmirror.com/@octokit/auth-token/-/auth-token-3.0.2.tgz#a0fc8de149fd15876e1ac78f6525c1c5ab48435f"
  integrity sha512-pq7CwIMV1kmzkFTimdwjAINCXKTajZErLB4wMLYapR2nuB/Jpr66+05wOTZMSCBXP6n4DdDWT2W19Bm17vU69Q==
  dependencies:
    "@octokit/types" "^8.0.0"

"@octokit/core@^4.1.0":
  version "4.1.0"
  resolved "https://registry.npmmirror.com/@octokit/core/-/core-4.1.0.tgz#b6b03a478f1716de92b3f4ec4fd64d05ba5a9251"
  integrity sha512-Czz/59VefU+kKDy+ZfDwtOIYIkFjExOKf+HA92aiTZJ6EfWpFzYQWw0l54ji8bVmyhc+mGaLUbSUmXazG7z5OQ==
  dependencies:
    "@octokit/auth-token" "^3.0.0"
    "@octokit/graphql" "^5.0.0"
    "@octokit/request" "^6.0.0"
    "@octokit/request-error" "^3.0.0"
    "@octokit/types" "^8.0.0"
    before-after-hook "^2.2.0"
    universal-user-agent "^6.0.0"

"@octokit/endpoint@^7.0.0":
  version "7.0.3"
  resolved "https://registry.npmmirror.com/@octokit/endpoint/-/endpoint-7.0.3.tgz#0b96035673a9e3bedf8bab8f7335de424a2147ed"
  integrity sha512-57gRlb28bwTsdNXq+O3JTQ7ERmBTuik9+LelgcLIVfYwf235VHbN9QNo4kXExtp/h8T423cR5iJThKtFYxC7Lw==
  dependencies:
    "@octokit/types" "^8.0.0"
    is-plain-object "^5.0.0"
    universal-user-agent "^6.0.0"

"@octokit/graphql@^5.0.0":
  version "5.0.4"
  resolved "https://registry.npmmirror.com/@octokit/graphql/-/graphql-5.0.4.tgz#519dd5c05123868276f3ae4e50ad565ed7dff8c8"
  integrity sha512-amO1M5QUQgYQo09aStR/XO7KAl13xpigcy/kI8/N1PnZYSS69fgte+xA4+c2DISKqUZfsh0wwjc2FaCt99L41A==
  dependencies:
    "@octokit/request" "^6.0.0"
    "@octokit/types" "^8.0.0"
    universal-user-agent "^6.0.0"

"@octokit/openapi-types@^14.0.0":
  version "14.0.0"
  resolved "https://registry.npmmirror.com/@octokit/openapi-types/-/openapi-types-14.0.0.tgz#949c5019028c93f189abbc2fb42f333290f7134a"
  integrity sha512-HNWisMYlR8VCnNurDU6os2ikx0s0VyEjDYHNS/h4cgb8DeOxQ0n72HyinUtdDVxJhFy3FWLGl0DJhfEWk3P5Iw==

"@octokit/plugin-paginate-rest@^5.0.0":
  version "5.0.1"
  resolved "https://registry.npmmirror.com/@octokit/plugin-paginate-rest/-/plugin-paginate-rest-5.0.1.tgz#93d7e74f1f69d68ba554fa6b888c2a9cf1f99a83"
  integrity sha512-7A+rEkS70pH36Z6JivSlR7Zqepz3KVucEFVDnSrgHXzG7WLAzYwcHZbKdfTXHwuTHbkT1vKvz7dHl1+HNf6Qyw==
  dependencies:
    "@octokit/types" "^8.0.0"

"@octokit/plugin-request-log@^1.0.4":
  version "1.0.4"
  resolved "https://registry.npmmirror.com/@octokit/plugin-request-log/-/plugin-request-log-1.0.4.tgz#5e50ed7083a613816b1e4a28aeec5fb7f1462e85"
  integrity sha512-mLUsMkgP7K/cnFEw07kWqXGF5LKrOkD+lhCrKvPHXWDywAwuDUeDwWBpc69XK3pNX0uKiVt8g5z96PJ6z9xCFA==

"@octokit/plugin-rest-endpoint-methods@^6.7.0":
  version "6.7.0"
  resolved "https://registry.npmmirror.com/@octokit/plugin-rest-endpoint-methods/-/plugin-rest-endpoint-methods-6.7.0.tgz#2f6f17f25b6babbc8b41d2bb0a95a8839672ce7c"
  integrity sha512-orxQ0fAHA7IpYhG2flD2AygztPlGYNAdlzYz8yrD8NDgelPfOYoRPROfEyIe035PlxvbYrgkfUZIhSBKju/Cvw==
  dependencies:
    "@octokit/types" "^8.0.0"
    deprecation "^2.3.1"

"@octokit/request-error@^3.0.0":
  version "3.0.2"
  resolved "https://registry.npmmirror.com/@octokit/request-error/-/request-error-3.0.2.tgz#f74c0f163d19463b87528efe877216c41d6deb0a"
  integrity sha512-WMNOFYrSaX8zXWoJg9u/pKgWPo94JXilMLb2VManNOby9EZxrQaBe/QSC4a1TzpAlpxofg2X/jMnCyZgL6y7eg==
  dependencies:
    "@octokit/types" "^8.0.0"
    deprecation "^2.0.0"
    once "^1.4.0"

"@octokit/request@^6.0.0":
  version "6.2.2"
  resolved "https://registry.npmmirror.com/@octokit/request/-/request-6.2.2.tgz#a2ba5ac22bddd5dcb3f539b618faa05115c5a255"
  integrity sha512-6VDqgj0HMc2FUX2awIs+sM6OwLgwHvAi4KCK3mT2H2IKRt6oH9d0fej5LluF5mck1lRR/rFWN0YIDSYXYSylbw==
  dependencies:
    "@octokit/endpoint" "^7.0.0"
    "@octokit/request-error" "^3.0.0"
    "@octokit/types" "^8.0.0"
    is-plain-object "^5.0.0"
    node-fetch "^2.6.7"
    universal-user-agent "^6.0.0"

"@octokit/rest@^19.0.5":
  version "19.0.5"
  resolved "https://registry.npmmirror.com/@octokit/rest/-/rest-19.0.5.tgz#4dbde8ae69b27dca04b5f1d8119d282575818f6c"
  integrity sha512-+4qdrUFq2lk7Va+Qff3ofREQWGBeoTKNqlJO+FGjFP35ZahP+nBenhZiGdu8USSgmq4Ky3IJ/i4u0xbLqHaeow==
  dependencies:
    "@octokit/core" "^4.1.0"
    "@octokit/plugin-paginate-rest" "^5.0.0"
    "@octokit/plugin-request-log" "^1.0.4"
    "@octokit/plugin-rest-endpoint-methods" "^6.7.0"

"@octokit/types@^8.0.0":
  version "8.0.0"
  resolved "https://registry.npmmirror.com/@octokit/types/-/types-8.0.0.tgz#93f0b865786c4153f0f6924da067fe0bb7426a9f"
  integrity sha512-65/TPpOJP1i3K4lBJMnWqPUJ6zuOtzhtagDvydAWbEXpbFYA0oMKKyLb95NFZZP0lSh/4b6K+DQlzvYQJQQePg==
  dependencies:
    "@octokit/openapi-types" "^14.0.0"

"@types/fs-extra@^9.0.13":
  version "9.0.13"
  resolved "https://registry.npmmirror.com/@types/fs-extra/-/fs-extra-9.0.13.tgz#7594fbae04fe7f1918ce8b3d213f74ff44ac1f45"
  integrity sha512-nEnwB++1u5lVDM2UI4c1+5R+FYaKfaAzS4OococimjVm3nQw3TuzH5UNsocrcTBbhnerblyHj4A49qXbIiZdpA==
  dependencies:
    "@types/node" "*"

"@types/node@*", "@types/node@^18.11.7":
  version "18.11.9"
  resolved "https://registry.npmmirror.com/@types/node/-/node-18.11.9.tgz#02d013de7058cea16d36168ef2fc653464cfbad4"
  integrity sha512-CRpX21/kGdzjOpFsZSkcrXMGIBWMGNIHXXBVFSH+ggkftxg+XYP20TESbh+zFvFj3EQOl5byk0HTRn1IL6hbqg==

"@types/semver@^7.3.13":
  version "7.3.13"
  resolved "https://registry.npmmirror.com/@types/semver/-/semver-7.3.13.tgz#da4bfd73f49bd541d28920ab0e2bf0ee80f71c91"
  integrity sha512-21cFJr9z3g5dW8B0CVI9g2O9beqaThGQ6ZFBqHfwhzLDKUxaqTIy3vnfah/UPkfOiF2pLq+tGz+W8RyCskuslw==

before-after-hook@^2.2.0:
  version "2.2.3"
  resolved "https://registry.npmmirror.com/before-after-hook/-/before-after-hook-2.2.3.tgz#c51e809c81a4e354084422b9b26bad88249c517c"
  integrity sha512-NzUnlZexiaH/46WDhANlyR2bXRopNg4F/zuSA3OpZnllCUgRaOF2znDioDWrmbNVsuZk6l9pMquQB38cfBZwkQ==

cross-spawn@^7.0.3:
  version "7.0.3"
  resolved "https://registry.npmmirror.com/cross-spawn/-/cross-spawn-7.0.3.tgz#f73a85b9d5d41d045551c177e2882d4ac85728a6"
  integrity sha512-iRDPJKUPVEND7dHPO8rkbOnPpyDygcDFtWjpeWNCgy8WP2rXcxXL8TskReQl6OrB2G7+UJrags1q15Fudc7G6w==
  dependencies:
    path-key "^3.1.0"
    shebang-command "^2.0.0"
    which "^2.0.1"

deprecation@^2.0.0, deprecation@^2.3.1:
  version "2.3.1"
  resolved "https://registry.npmmirror.com/deprecation/-/deprecation-2.3.1.tgz#6368cbdb40abf3373b525ac87e4a260c3a700919"
  integrity sha512-xmHIy4F3scKVwMsQ4WnVaS8bHOx0DmVwRywosKhaILI0ywMDWPtBSku2HNxRvF7jtwDRsoEwYQSfbxj8b7RlJQ==

execa@~5.1.1:
  version "5.1.1"
  resolved "https://registry.npmmirror.com/execa/-/execa-5.1.1.tgz#f80ad9cbf4298f7bd1d4c9555c21e93741c411dd"
  integrity sha512-8uSpZZocAZRBAPIEINJj3Lo9HyGitllczc27Eh5YYojjMFMn8yHMDMaUHE2Jqfq05D/wucwI4JGURyXt1vchyg==
  dependencies:
    cross-spawn "^7.0.3"
    get-stream "^6.0.0"
    human-signals "^2.1.0"
    is-stream "^2.0.0"
    merge-stream "^2.0.0"
    npm-run-path "^4.0.1"
    onetime "^5.1.2"
    signal-exit "^3.0.3"
    strip-final-newline "^2.0.0"

fs-extra@^10.1.0:
  version "10.1.0"
  resolved "https://registry.npmmirror.com/fs-extra/-/fs-extra-10.1.0.tgz#02873cfbc4084dde127eaa5f9905eef2325d1abf"
  integrity sha512-oRXApq54ETRj4eMiFzGnHWGy+zo5raudjuxN0b8H7s/RU2oW0Wvsx9O0ACRN/kRq9E8Vu/ReskGB5o3ji+FzHQ==
  dependencies:
    graceful-fs "^4.2.0"
    jsonfile "^6.0.1"
    universalify "^2.0.0"

get-stream@^6.0.0:
  version "6.0.1"
  resolved "https://registry.npmmirror.com/get-stream/-/get-stream-6.0.1.tgz#a262d8eef67aced57c2852ad6167526a43cbf7b7"
  integrity sha512-ts6Wi+2j3jQjqi70w5AlN8DFnkSwC+MqmxEzdEALB2qXZYV3X/b1CTfgPLGJNMeAWxdPfU8FO1ms3NUfaHCPYg==

graceful-fs@^4.1.6, graceful-fs@^4.2.0:
  version "4.2.10"
  resolved "https://registry.npmmirror.com/graceful-fs/-/graceful-fs-4.2.10.tgz#147d3a006da4ca3ce14728c7aefc287c367d7a6c"
  integrity sha512-9ByhssR2fPVsNZj478qUUbKfmL0+t5BDVyjShtyZZLiK7ZDAArFFfopyOTj0M05wE2tJPisA4iTnnXl2YoPvOA==

human-signals@^2.1.0:
  version "2.1.0"
  resolved "https://registry.npmmirror.com/human-signals/-/human-signals-2.1.0.tgz#dc91fcba42e4d06e4abaed33b3e7a3c02f514ea0"
  integrity sha512-B4FFZ6q/T2jhhksgkbEW3HBvWIfDW85snkQgawt07S7J5QXTk6BkNV+0yAeZrM5QpMAdYlocGoljn0sJ/WQkFw==

is-plain-object@^5.0.0:
  version "5.0.0"
  resolved "https://registry.npmmirror.com/is-plain-object/-/is-plain-object-5.0.0.tgz#4427f50ab3429e9025ea7d52e9043a9ef4159344"
  integrity sha512-VRSzKkbMm5jMDoKLbltAkFQ5Qr7VDiTFGXxYFXXowVj387GeGNOCsOH6Msy00SGZ3Fp84b1Naa1psqgcCIEP5Q==

is-stream@^2.0.0:
  version "2.0.1"
  resolved "https://registry.npmmirror.com/is-stream/-/is-stream-2.0.1.tgz#fac1e3d53b97ad5a9d0ae9cef2389f5810a5c077"
  integrity sha512-hFoiJiTl63nn+kstHGBtewWSKnQLpyb155KHheA1l39uvtO9nWIop1p3udqPcUd/xbF1VLMO4n7OI6p7RbngDg==

isexe@^2.0.0:
  version "2.0.0"
  resolved "https://registry.npmmirror.com/isexe/-/isexe-2.0.0.tgz#e8fbf374dc556ff8947a10dcb0572d633f2cfa10"
  integrity sha512-RHxMLp9lnKHGHRng9QFhRCMbYAcVpn69smSGcq3f36xjgVVWThj4qqLbTLlq7Ssj8B+fIQ1EuCEGI2lKsyQeIw==

jsonfile@^6.0.1:
  version "6.1.0"
  resolved "https://registry.npmmirror.com/jsonfile/-/jsonfile-6.1.0.tgz#bc55b2634793c679ec6403094eb13698a6ec0aae"
  integrity sha512-5dgndWOriYSm5cnYaJNhalLNDKOqFwyDB/rr1E9ZsGciGvKPs8R2xYGCacuf3z6K1YKDz182fd+fY3cn3pMqXQ==
  dependencies:
    universalify "^2.0.0"
  optionalDependencies:
    graceful-fs "^4.1.6"

lru-cache@^6.0.0:
  version "6.0.0"
  resolved "https://registry.npmmirror.com/lru-cache/-/lru-cache-6.0.0.tgz#6d6fe6570ebd96aaf90fcad1dafa3b2566db3a94"
  integrity sha512-Jo6dJ04CmSjuznwJSS3pUeWmd/H0ffTlkXXgwZi+eq1UCmqQwCh+eLsYOYCwY991i2Fah4h1BEMCx4qThGbsiA==
  dependencies:
    yallist "^4.0.0"

merge-stream@^2.0.0:
  version "2.0.0"
  resolved "https://registry.npmmirror.com/merge-stream/-/merge-stream-2.0.0.tgz#52823629a14dd00c9770fb6ad47dc6310f2c1f60"
  integrity sha512-abv/qOcuPfk3URPfDzmZU1LKmuw8kT+0nIHvKrKgFrwifol/doWcdA4ZqsWQ8ENrFKkd67Mfpo/LovbIUsbt3w==

mimic-fn@^2.1.0:
  version "2.1.0"
  resolved "https://registry.npmmirror.com/mimic-fn/-/mimic-fn-2.1.0.tgz#7ed2c2ccccaf84d3ffcb7a69b57711fc2083401b"
  integrity sha512-OqbOk5oEQeAZ8WXWydlu9HJjz9WVdEIvamMCcXmuqUYjTknH/sqsWvhQ3vgwKFRR1HpjvNBKQ37nbJgYzGqGcg==

node-downloader-helper@^2.1.4:
  version "2.1.4"
  resolved "https://registry.npmmirror.com/node-downloader-helper/-/node-downloader-helper-2.1.4.tgz#6e1d20ea0c7d0dfcfdf2a599dc389c33a322736a"
  integrity sha512-Cbc5jwGTe58apFIPjxgcUzX0Se+pcUgdbym6G+sk2yb1m/qwxYTLmD4C2xEHTJO9YkZ/eRujMJPl3WW+7fVksQ==

node-fetch@^2.6.7:
  version "2.6.7"
  resolved "https://registry.npmmirror.com/node-fetch/-/node-fetch-2.6.7.tgz#24de9fba827e3b4ae44dc8b20256a379160052ad"
  integrity sha512-ZjMPFEfVx5j+y2yF35Kzx5sF7kDzxuDj6ziH4FFbOp87zKDZNx8yExJIb05OGF4Nlt9IHFIMBkRl41VdvcNdbQ==
  dependencies:
    whatwg-url "^5.0.0"

npm-run-path@^4.0.1:
  version "4.0.1"
  resolved "https://registry.npmmirror.com/npm-run-path/-/npm-run-path-4.0.1.tgz#b7ecd1e5ed53da8e37a55e1c2269e0b97ed748ea"
  integrity sha512-S48WzZW777zhNIrn7gxOlISNAqi9ZC/uQFnRdbeIHhZhCA6UqpkOT8T1G7BvfdgP4Er8gF4sUbaS0i7QvIfCWw==
  dependencies:
    path-key "^3.0.0"

once@^1.4.0:
  version "1.4.0"
  resolved "https://registry.npmmirror.com/once/-/once-1.4.0.tgz#583b1aa775961d4b113ac17d9c50baef9dd76bd1"
  integrity sha512-lNaJgI+2Q5URQBkccEKHTQOPaXdUxnZZElQTZY0MFUAuaEqe1E+Nyvgdz/aIyNi6Z9MzO5dv1H8n58/GELp3+w==
  dependencies:
    wrappy "1"

onetime@^5.1.2:
  version "5.1.2"
  resolved "https://registry.npmmirror.com/onetime/-/onetime-5.1.2.tgz#d0e96ebb56b07476df1dd9c4806e5237985ca45e"
  integrity sha512-kbpaSSGJTWdAY5KPVeMOKXSrPtr8C8C7wodJbcsd51jRnmD+GZu8Y0VoU6Dm5Z4vWr0Ig/1NKuWRKf7j5aaYSg==
  dependencies:
    mimic-fn "^2.1.0"

path-key@^3.0.0, path-key@^3.1.0:
  version "3.1.1"
  resolved "https://registry.npmmirror.com/path-key/-/path-key-3.1.1.tgz#581f6ade658cbba65a0d3380de7753295054f375"
  integrity sha512-ojmeN0qd+y0jszEtoY48r0Peq5dwMEkIlCOu6Q5f41lfkswXuKtYrhgoTpLnyIcHm24Uhqx+5Tqm2InSwLhE6Q==

semver@^7.3.8:
  version "7.3.8"
  resolved "https://registry.npmmirror.com/semver/-/semver-7.3.8.tgz#07a78feafb3f7b32347d725e33de7e2a2df67798"
  integrity sha512-NB1ctGL5rlHrPJtFDVIVzTyQylMLu9N9VICA6HSFJo8MCGVTMW6gfpicwKmmK/dAjTOrqu5l63JJOpDSrAis3A==
  dependencies:
    lru-cache "^6.0.0"

shebang-command@^2.0.0:
  version "2.0.0"
  resolved "https://registry.npmmirror.com/shebang-command/-/shebang-command-2.0.0.tgz#ccd0af4f8835fbdc265b82461aaf0c36663f34ea"
  integrity sha512-kHxr2zZpYtdmrN1qDjrrX/Z1rR1kG8Dx+gkpK1G4eXmvXswmcE1hTWBWYUzlraYw1/yZp6YuDY77YtvbN0dmDA==
  dependencies:
    shebang-regex "^3.0.0"

shebang-regex@^3.0.0:
  version "3.0.0"
  resolved "https://registry.npmmirror.com/shebang-regex/-/shebang-regex-3.0.0.tgz#ae16f1644d873ecad843b0307b143362d4c42172"
  integrity sha512-7++dFhtcx3353uBaq8DDR4NuxBetBzC7ZQOhmTQInHEd6bSrXdiEyzCvG07Z44UYdLShWUyXt5M/yhz8ekcb1A==

signal-exit@^3.0.3:
  version "3.0.7"
  resolved "https://registry.npmmirror.com/signal-exit/-/signal-exit-3.0.7.tgz#a9a1767f8af84155114eaabd73f99273c8f59ad9"
  integrity sha512-wnD2ZE+l+SPC/uoS0vXeE9L1+0wuaMqKlfz9AMUo38JsyLSBWSFcHR1Rri62LZc12vLr1gb3jl7iwQhgwpAbGQ==

strip-final-newline@^2.0.0:
  version "2.0.0"
  resolved "https://registry.npmmirror.com/strip-final-newline/-/strip-final-newline-2.0.0.tgz#89b852fb2fcbe936f6f4b3187afb0a12c1ab58ad"
  integrity sha512-BrpvfNAE3dcvq7ll3xVumzjKjZQ5tI1sEUIKr3Uoks0XUl45St3FlatVqef9prk4jRDzhW6WZg+3bk93y6pLjA==

tr46@~0.0.3:
  version "0.0.3"
  resolved "https://registry.npmmirror.com/tr46/-/tr46-0.0.3.tgz#8184fd347dac9cdc185992f3a6622e14b9d9ab6a"
  integrity sha512-N3WMsuqV66lT30CrXNbEjx4GEwlow3v6rr4mCcv6prnfwhS01rkgyFdjPNBYd9br7LpXV1+Emh01fHnq2Gdgrw==

typescript@^4.8.4:
  version "4.8.4"
  resolved "https://registry.npmmirror.com/typescript/-/typescript-4.8.4.tgz#c464abca159669597be5f96b8943500b238e60e6"
  integrity sha512-QCh+85mCy+h0IGff8r5XWzOVSbBO+KfeYrMQh7NJ58QujwcE22u+NUSmUxqF+un70P9GXKxa2HCNiTTMJknyjQ==

universal-user-agent@^6.0.0:
  version "6.0.0"
  resolved "https://registry.npmmirror.com/universal-user-agent/-/universal-user-agent-6.0.0.tgz#3381f8503b251c0d9cd21bc1de939ec9df5480ee"
  integrity sha512-isyNax3wXoKaulPDZWHQqbmIx1k2tb9fb3GGDBRxCscfYV2Ch7WxPArBsFEG8s/safwXTT7H4QGhaIkTp9447w==

universalify@^2.0.0:
  version "2.0.0"
  resolved "https://registry.npmmirror.com/universalify/-/universalify-2.0.0.tgz#75a4984efedc4b08975c5aeb73f530d02df25717"
  integrity sha512-hAZsKq7Yy11Zu1DE0OzWjw7nnLZmJZYTDZZyEFHZdUhV8FkH5MCfoU1XMaxXovpyW5nq5scPqq0ZDP9Zyl04oQ==

webidl-conversions@^3.0.0:
  version "3.0.1"
  resolved "https://registry.npmmirror.com/webidl-conversions/-/webidl-conversions-3.0.1.tgz#24534275e2a7bc6be7bc86611cc16ae0a5654871"
  integrity sha512-2JAn3z8AR6rjK8Sm8orRC0h/bcl/DqL7tRPdGZ4I1CjdF+EaMLmYxBHyXuKL849eucPFhvBoxMsflfOb8kxaeQ==

whatwg-url@^5.0.0:
  version "5.0.0"
  resolved "https://registry.npmmirror.com/whatwg-url/-/whatwg-url-5.0.0.tgz#966454e8765462e37644d3626f6742ce8b70965d"
  integrity sha512-saE57nupxk6v3HY35+jzBwYa0rKSy0XR8JSxZPwgLr7ys0IBzhGviA1/TUGJLmSVqs8pb9AnvICXEuOHLprYTw==
  dependencies:
    tr46 "~0.0.3"
    webidl-conversions "^3.0.0"

which@^2.0.1:
  version "2.0.2"
  resolved "https://registry.npmmirror.com/which/-/which-2.0.2.tgz#7c6a8dd0a636a0327e10b59c9286eee93f3f51b1"
  integrity sha512-BLI3Tl1TW3Pvl70l3yq3Y64i+awpwXqsGBYWkkqMtnbXgrMD+yj7rhW0kuEDxzJaYXGjEW5ogapKNMEKNMjibA==
  dependencies:
    isexe "^2.0.0"

wrappy@1:
  version "1.0.2"
  resolved "https://registry.npmmirror.com/wrappy/-/wrappy-1.0.2.tgz#b5243d8f3ec1aa35f1364605bc0d1036e30ab69f"
  integrity sha512-l4Sp/DRseor9wL6EvV2+TuQn63dMkPjZ/sp9XkghTEbV9KlPS1xUsZ3u7/IQO4wxtcFB4bgpQPRcR3QCvezPcQ==

yallist@^4.0.0:
  version "4.0.0"
  resolved "https://registry.npmmirror.com/yallist/-/yallist-4.0.0.tgz#9bb92790d9c0effec63be73519e11a35019a3a72"
  integrity sha512-3wdGidZyq5PB084XLES5TpOSRA3wjXAlIWMhum2kRcv/41Sn2emQ0dycQW4uZXLejwKvg6EsvbdlVL+FYEct7A==
